
Microsoft Visual Studio Solution File, Format Version 12.00
# Visual Studio Version 17
VisualStudioVersion = 17.2.32317.152
MinimumVisualStudioVersion = 10.0.40219.1
Project("{FAE04EC0-301F-11D3-BF4B-00C04F79EFBC}") = "VsixTests", "VsixTests\VsixTests.csproj", "{7BD3575E-DDFB-4808-8C50-21C87358139F}"
EndProject
Global
	GlobalSection(SolutionConfigurationPlatforms) = preSolution
		Debug|Any CPU = Debug|Any CPU
		Release|Any CPU = Release|Any CPU
	EndGlobalSection
	GlobalSection(ProjectConfigurationPlatforms) = postSolution
		{7BD3575E-DDFB-4808-8C50-21C87358139F}.Debug|Any CPU.ActiveCfg = Debug|Any CPU
		{7BD3575E-DDFB-4808-8C50-21C87358139F}.Debug|Any CPU.Build.0 = Debug|Any CPU
		{7BD3575E-DDFB-4808-8C50-21C87358139F}.Release|Any CPU.ActiveCfg = Release|Any CPU
		{7BD3575E-DDFB-4808-8C50-21C87358139F}.Release|Any CPU.Build.0 = Release|Any CPU
	EndGlobalSection
	GlobalSection(SolutionProperties) = preSolution
		HideSolutionNode = FALSE
	EndGlobalSection
	GlobalSection(ExtensibilityGlobals) = postSolution
		SolutionGuid = {FB037AD2-8327-4702-A9E4-E89E81B2ED63}
	EndGlobalSection
EndGlobal
